
Microsoft Visual Studio Solution File, Format Version 12.00
# Visual Studio Version 17
VisualStudioVersion = 17.7.34031.279
MinimumVisualStudioVersion = 10.0.40219.1
Project("{888888A0-9F3D-457C-B088-3A5042F75D52}") = "Задание2", "Задание2.pyproj", "{1ABACA80-09BE-4E72-B6D6-74A49A4C615D}"
EndProject
Global
	GlobalSection(SolutionConfigurationPlatforms) = preSolution
		Debug|Any CPU = Debug|Any CPU
		Release|Any CPU = Release|Any CPU
	EndGlobalSection
	GlobalSection(ProjectConfigurationPlatforms) = postSolution
		{1ABACA80-09BE-4E72-B6D6-74A49A4C615D}.Debug|Any CPU.ActiveCfg = Debug|Any CPU
		{1ABACA80-09BE-4E72-B6D6-74A49A4C615D}.Release|Any CPU.ActiveCfg = Release|Any CPU
	EndGlobalSection
	GlobalSection(SolutionProperties) = preSolution
		HideSolutionNode = FALSE
	EndGlobalSection
	GlobalSection(ExtensibilityGlobals) = postSolution
		SolutionGuid = {5F958AB0-F516-403B-B429-F74D824593D4}
	EndGlobalSection
EndGlobal
