
Microsoft Visual Studio Solution File, Format Version 12.00
# Visual Studio Version 17
VisualStudioVersion = 17.7.34031.279
MinimumVisualStudioVersion = 10.0.40219.1
Project("{888888A0-9F3D-457C-B088-3A5042F75D52}") = "Задание2", "Задание2.pyproj", "{9E46D303-E618-4967-B953-801BF6AF8B2A}"
EndProject
Global
	GlobalSection(SolutionConfigurationPlatforms) = preSolution
		Debug|Any CPU = Debug|Any CPU
		Release|Any CPU = Release|Any CPU
	EndGlobalSection
	GlobalSection(ProjectConfigurationPlatforms) = postSolution
		{9E46D303-E618-4967-B953-801BF6AF8B2A}.Debug|Any CPU.ActiveCfg = Debug|Any CPU
		{9E46D303-E618-4967-B953-801BF6AF8B2A}.Release|Any CPU.ActiveCfg = Release|Any CPU
	EndGlobalSection
	GlobalSection(SolutionProperties) = preSolution
		HideSolutionNode = FALSE
	EndGlobalSection
	GlobalSection(ExtensibilityGlobals) = postSolution
		SolutionGuid = {E6E5E1D8-12F5-4280-AABD-6CCC688EE8F8}
	EndGlobalSection
EndGlobal
