
Microsoft Visual Studio Solution File, Format Version 12.00
# Visual Studio Version 17
VisualStudioVersion = 17.7.34031.279
MinimumVisualStudioVersion = 10.0.40219.1
Project("{888888A0-9F3D-457C-B088-3A5042F75D52}") = "Задание2", "Задание2.pyproj", "{48D9F4E8-807B-4050-82EE-53872344A6BD}"
EndProject
Global
	GlobalSection(SolutionConfigurationPlatforms) = preSolution
		Debug|Any CPU = Debug|Any CPU
		Release|Any CPU = Release|Any CPU
	EndGlobalSection
	GlobalSection(ProjectConfigurationPlatforms) = postSolution
		{48D9F4E8-807B-4050-82EE-53872344A6BD}.Debug|Any CPU.ActiveCfg = Debug|Any CPU
		{48D9F4E8-807B-4050-82EE-53872344A6BD}.Release|Any CPU.ActiveCfg = Release|Any CPU
	EndGlobalSection
	GlobalSection(SolutionProperties) = preSolution
		HideSolutionNode = FALSE
	EndGlobalSection
	GlobalSection(ExtensibilityGlobals) = postSolution
		SolutionGuid = {6172A188-9B6F-460E-9FE0-EC6CC3CB8B86}
	EndGlobalSection
EndGlobal
