
Microsoft Visual Studio Solution File, Format Version 12.00
# Visual Studio Version 17
VisualStudioVersion = 17.7.34031.279
MinimumVisualStudioVersion = 10.0.40219.1
Project("{888888A0-9F3D-457C-B088-3A5042F75D52}") = "Задание1", "Задание1.pyproj", "{89750AF4-D80B-458F-8C5B-F3F0B5DE2BA3}"
EndProject
Global
	GlobalSection(SolutionConfigurationPlatforms) = preSolution
		Debug|Any CPU = Debug|Any CPU
		Release|Any CPU = Release|Any CPU
	EndGlobalSection
	GlobalSection(ProjectConfigurationPlatforms) = postSolution
		{89750AF4-D80B-458F-8C5B-F3F0B5DE2BA3}.Debug|Any CPU.ActiveCfg = Debug|Any CPU
		{89750AF4-D80B-458F-8C5B-F3F0B5DE2BA3}.Release|Any CPU.ActiveCfg = Release|Any CPU
	EndGlobalSection
	GlobalSection(SolutionProperties) = preSolution
		HideSolutionNode = FALSE
	EndGlobalSection
	GlobalSection(ExtensibilityGlobals) = postSolution
		SolutionGuid = {CC017EEB-B675-4224-9FC8-3F679A621C6E}
	EndGlobalSection
EndGlobal
