
Microsoft Visual Studio Solution File, Format Version 12.00
# Visual Studio Version 17
VisualStudioVersion = 17.7.34031.279
MinimumVisualStudioVersion = 10.0.40219.1
Project("{888888A0-9F3D-457C-B088-3A5042F75D52}") = "Задание2", "Задание2.pyproj", "{BDAC9BCB-3894-4EBC-9A15-1FE7F44F22FD}"
EndProject
Global
	GlobalSection(SolutionConfigurationPlatforms) = preSolution
		Debug|Any CPU = Debug|Any CPU
		Release|Any CPU = Release|Any CPU
	EndGlobalSection
	GlobalSection(ProjectConfigurationPlatforms) = postSolution
		{BDAC9BCB-3894-4EBC-9A15-1FE7F44F22FD}.Debug|Any CPU.ActiveCfg = Debug|Any CPU
		{BDAC9BCB-3894-4EBC-9A15-1FE7F44F22FD}.Release|Any CPU.ActiveCfg = Release|Any CPU
	EndGlobalSection
	GlobalSection(SolutionProperties) = preSolution
		HideSolutionNode = FALSE
	EndGlobalSection
	GlobalSection(ExtensibilityGlobals) = postSolution
		SolutionGuid = {C4281DAA-8ECB-4CB1-B6C3-6A94C0E64F4F}
	EndGlobalSection
EndGlobal
