
Microsoft Visual Studio Solution File, Format Version 12.00
# Visual Studio Version 17
VisualStudioVersion = 17.7.34031.279
MinimumVisualStudioVersion = 10.0.40219.1
Project("{888888A0-9F3D-457C-B088-3A5042F75D52}") = "Задание1", "Задание1.pyproj", "{CEB23EB4-C58F-44C4-A7D4-C5357F43B5A8}"
EndProject
Global
	GlobalSection(SolutionConfigurationPlatforms) = preSolution
		Debug|Any CPU = Debug|Any CPU
		Release|Any CPU = Release|Any CPU
	EndGlobalSection
	GlobalSection(ProjectConfigurationPlatforms) = postSolution
		{CEB23EB4-C58F-44C4-A7D4-C5357F43B5A8}.Debug|Any CPU.ActiveCfg = Debug|Any CPU
		{CEB23EB4-C58F-44C4-A7D4-C5357F43B5A8}.Release|Any CPU.ActiveCfg = Release|Any CPU
	EndGlobalSection
	GlobalSection(SolutionProperties) = preSolution
		HideSolutionNode = FALSE
	EndGlobalSection
	GlobalSection(ExtensibilityGlobals) = postSolution
		SolutionGuid = {8EAE3EEC-66F4-428E-A70A-97267E790C18}
	EndGlobalSection
EndGlobal
