
Microsoft Visual Studio Solution File, Format Version 12.00
# Visual Studio Version 17
VisualStudioVersion = 17.7.34031.279
MinimumVisualStudioVersion = 10.0.40219.1
Project("{888888A0-9F3D-457C-B088-3A5042F75D52}") = "Задание3", "Задание3.pyproj", "{D680472C-3CCB-4E2F-96CB-E841634CD4FD}"
EndProject
Global
	GlobalSection(SolutionConfigurationPlatforms) = preSolution
		Debug|Any CPU = Debug|Any CPU
		Release|Any CPU = Release|Any CPU
	EndGlobalSection
	GlobalSection(ProjectConfigurationPlatforms) = postSolution
		{D680472C-3CCB-4E2F-96CB-E841634CD4FD}.Debug|Any CPU.ActiveCfg = Debug|Any CPU
		{D680472C-3CCB-4E2F-96CB-E841634CD4FD}.Release|Any CPU.ActiveCfg = Release|Any CPU
	EndGlobalSection
	GlobalSection(SolutionProperties) = preSolution
		HideSolutionNode = FALSE
	EndGlobalSection
	GlobalSection(ExtensibilityGlobals) = postSolution
		SolutionGuid = {D36960CD-5297-475A-BE0B-D64A003E8EA9}
	EndGlobalSection
EndGlobal
