
Microsoft Visual Studio Solution File, Format Version 12.00
# Visual Studio Version 17
VisualStudioVersion = 17.7.34031.279
MinimumVisualStudioVersion = 10.0.40219.1
Project("{888888A0-9F3D-457C-B088-3A5042F75D52}") = "Задание2", "Задание2.pyproj", "{B0D4B2CD-7207-40CD-8CD8-1DC68450265B}"
EndProject
Global
	GlobalSection(SolutionConfigurationPlatforms) = preSolution
		Debug|Any CPU = Debug|Any CPU
		Release|Any CPU = Release|Any CPU
	EndGlobalSection
	GlobalSection(ProjectConfigurationPlatforms) = postSolution
		{B0D4B2CD-7207-40CD-8CD8-1DC68450265B}.Debug|Any CPU.ActiveCfg = Debug|Any CPU
		{B0D4B2CD-7207-40CD-8CD8-1DC68450265B}.Release|Any CPU.ActiveCfg = Release|Any CPU
	EndGlobalSection
	GlobalSection(SolutionProperties) = preSolution
		HideSolutionNode = FALSE
	EndGlobalSection
	GlobalSection(ExtensibilityGlobals) = postSolution
		SolutionGuid = {2E0A84D1-39EF-48CD-A6D5-8930022A7269}
	EndGlobalSection
EndGlobal
